
Microsoft Visual Studio Solution File, Format Version 12.00
# Visual Studio Version 16
VisualStudioVersion = 16.0.32901.82
MinimumVisualStudioVersion = 10.0.40219.1
Project("{9A19103F-16F7-4668-BE54-9A1E7A4F7556}") = "AnyRest", "AnyRest\AnyRest.csproj", "{A8380F81-AD8D-4F30-9634-6B40D76201B4}"
EndProject
Global
	GlobalSection(SolutionConfigurationPlatforms) = preSolution
		Debug|Any CPU = Debug|Any CPU
		Release|Any CPU = Release|Any CPU
	EndGlobalSection
	GlobalSection(ProjectConfigurationPlatforms) = postSolution
		{A8380F81-AD8D-4F30-9634-6B40D76201B4}.Debug|Any CPU.ActiveCfg = Debug|Any CPU
		{A8380F81-AD8D-4F30-9634-6B40D76201B4}.Debug|Any CPU.Build.0 = Debug|Any CPU
		{A8380F81-AD8D-4F30-9634-6B40D76201B4}.Release|Any CPU.ActiveCfg = Release|Any CPU
		{A8380F81-AD8D-4F30-9634-6B40D76201B4}.Release|Any CPU.Build.0 = Release|Any CPU
	EndGlobalSection
	GlobalSection(SolutionProperties) = preSolution
		HideSolutionNode = FALSE
	EndGlobalSection
	GlobalSection(ExtensibilityGlobals) = postSolution
		SolutionGuid = {B08C670F-D240-445A-B2DB-72AB3C1C068E}
	EndGlobalSection
EndGlobal
